
Microsoft Visual Studio Solution File, Format Version 12.00
# Visual Studio Version 17
VisualStudioVersion = 17.2.32505.173
MinimumVisualStudioVersion = 10.0.40219.1
Project("{9A19103F-16F7-4668-BE54-9A1E7A4F7556}") = "P1project", "P1Planning\P1project.csproj", "{50B8C122-4542-4697-8E51-917898F55AF1}"
EndProject
Project("{9A19103F-16F7-4668-BE54-9A1E7A4F7556}") = "P1Business", "P1Business\P1Business.csproj", "{424216F0-CAFD-4E4D-9147-AB96E4A74EF0}"
EndProject
Project("{9A19103F-16F7-4668-BE54-9A1E7A4F7556}") = "P1Repository", "P1Repository\P1Repository.csproj", "{4B5070B4-6DD9-4AC6-B404-B8F8630D0699}"
EndProject
Project("{9A19103F-16F7-4668-BE54-9A1E7A4F7556}") = "P1Models", "P1Models\P1Models.csproj", "{F561AC6E-F6E5-4E5C-B784-46CE8CA8349D}"
EndProject
Project("{FAE04EC0-301F-11D3-BF4B-00C04F79EFBC}") = "Tests.P1project", "Tests.P1project\Tests.P1project.csproj", "{B1342CFB-E9C2-4754-A25F-AD12863C48DF}"
EndProject
Global
	GlobalSection(SolutionConfigurationPlatforms) = preSolution
		Debug|Any CPU = Debug|Any CPU
		Release|Any CPU = Release|Any CPU
	EndGlobalSection
	GlobalSection(ProjectConfigurationPlatforms) = postSolution
		{50B8C122-4542-4697-8E51-917898F55AF1}.Debug|Any CPU.ActiveCfg = Debug|Any CPU
		{50B8C122-4542-4697-8E51-917898F55AF1}.Debug|Any CPU.Build.0 = Debug|Any CPU
		{50B8C122-4542-4697-8E51-917898F55AF1}.Release|Any CPU.ActiveCfg = Release|Any CPU
		{50B8C122-4542-4697-8E51-917898F55AF1}.Release|Any CPU.Build.0 = Release|Any CPU
		{424216F0-CAFD-4E4D-9147-AB96E4A74EF0}.Debug|Any CPU.ActiveCfg = Debug|Any CPU
		{424216F0-CAFD-4E4D-9147-AB96E4A74EF0}.Debug|Any CPU.Build.0 = Debug|Any CPU
		{424216F0-CAFD-4E4D-9147-AB96E4A74EF0}.Release|Any CPU.ActiveCfg = Release|Any CPU
		{424216F0-CAFD-4E4D-9147-AB96E4A74EF0}.Release|Any CPU.Build.0 = Release|Any CPU
		{4B5070B4-6DD9-4AC6-B404-B8F8630D0699}.Debug|Any CPU.ActiveCfg = Debug|Any CPU
		{4B5070B4-6DD9-4AC6-B404-B8F8630D0699}.Debug|Any CPU.Build.0 = Debug|Any CPU
		{4B5070B4-6DD9-4AC6-B404-B8F8630D0699}.Release|Any CPU.ActiveCfg = Release|Any CPU
		{4B5070B4-6DD9-4AC6-B404-B8F8630D0699}.Release|Any CPU.Build.0 = Release|Any CPU
		{F561AC6E-F6E5-4E5C-B784-46CE8CA8349D}.Debug|Any CPU.ActiveCfg = Debug|Any CPU
		{F561AC6E-F6E5-4E5C-B784-46CE8CA8349D}.Debug|Any CPU.Build.0 = Debug|Any CPU
		{F561AC6E-F6E5-4E5C-B784-46CE8CA8349D}.Release|Any CPU.ActiveCfg = Release|Any CPU
		{F561AC6E-F6E5-4E5C-B784-46CE8CA8349D}.Release|Any CPU.Build.0 = Release|Any CPU
		{B1342CFB-E9C2-4754-A25F-AD12863C48DF}.Debug|Any CPU.ActiveCfg = Debug|Any CPU
		{B1342CFB-E9C2-4754-A25F-AD12863C48DF}.Debug|Any CPU.Build.0 = Debug|Any CPU
		{B1342CFB-E9C2-4754-A25F-AD12863C48DF}.Release|Any CPU.ActiveCfg = Release|Any CPU
		{B1342CFB-E9C2-4754-A25F-AD12863C48DF}.Release|Any CPU.Build.0 = Release|Any CPU
	EndGlobalSection
	GlobalSection(SolutionProperties) = preSolution
		HideSolutionNode = FALSE
	EndGlobalSection
	GlobalSection(ExtensibilityGlobals) = postSolution
		SolutionGuid = {245EEE17-7C61-4662-8F31-2D2A0AAAA802}
	EndGlobalSection
EndGlobal
